
Microsoft Visual Studio Solution File, Format Version 12.00
# Visual Studio Version 17
VisualStudioVersion = 17.6.33815.320
MinimumVisualStudioVersion = 10.0.40219.1
Project("{FAE04EC0-301F-11D3-BF4B-00C04F79EFBC}") = "TwoSum", "TwoSum.csproj", "{EF777D2D-383C-4FDB-8556-4788F21B81EE}"
EndProject
Global
	GlobalSection(SolutionConfigurationPlatforms) = preSolution
		Debug|Any CPU = Debug|Any CPU
		Release|Any CPU = Release|Any CPU
	EndGlobalSection
	GlobalSection(ProjectConfigurationPlatforms) = postSolution
		{EF777D2D-383C-4FDB-8556-4788F21B81EE}.Debug|Any CPU.ActiveCfg = Debug|Any CPU
		{EF777D2D-383C-4FDB-8556-4788F21B81EE}.Debug|Any CPU.Build.0 = Debug|Any CPU
		{EF777D2D-383C-4FDB-8556-4788F21B81EE}.Release|Any CPU.ActiveCfg = Release|Any CPU
		{EF777D2D-383C-4FDB-8556-4788F21B81EE}.Release|Any CPU.Build.0 = Release|Any CPU
	EndGlobalSection
	GlobalSection(SolutionProperties) = preSolution
		HideSolutionNode = FALSE
	EndGlobalSection
	GlobalSection(ExtensibilityGlobals) = postSolution
		SolutionGuid = {9BF013BA-8719-43DC-B6D8-DFA89DDEF5D0}
	EndGlobalSection
EndGlobal
